
Microsoft Visual Studio Solution File, Format Version 12.00
# Visual Studio Version 17
VisualStudioVersion = 17.6.33829.357
MinimumVisualStudioVersion = 10.0.40219.1
Project("{C9674DCB-5085-4A16-B785-4C70DD1589BD}") = "ETLWITHSSIS", "ETLWITHSSIS\ETLWITHSSIS.dtproj", "{A90C37BE-4C9B-4C9F-96C0-689CFCFC112E}"
EndProject
Global
	GlobalSection(SolutionConfigurationPlatforms) = preSolution
		Development|Default = Development|Default
	EndGlobalSection
	GlobalSection(ProjectConfigurationPlatforms) = postSolution
		{A90C37BE-4C9B-4C9F-96C0-689CFCFC112E}.Development|Default.ActiveCfg = Development
		{A90C37BE-4C9B-4C9F-96C0-689CFCFC112E}.Development|Default.Build.0 = Development
	EndGlobalSection
	GlobalSection(SolutionProperties) = preSolution
		HideSolutionNode = FALSE
	EndGlobalSection
	GlobalSection(ExtensibilityGlobals) = postSolution
		SolutionGuid = {2D8A48CF-A69F-4EE3-B81B-C8BAEBDF76AE}
	EndGlobalSection
EndGlobal
