
Microsoft Visual Studio Solution File, Format Version 12.00
# Visual Studio Version 17
VisualStudioVersion = 17.6.33829.357
MinimumVisualStudioVersion = 10.0.40219.1
Project("{D2ABAB84-BF74-430A-B69E-9DC6D40DDA17}") = "warehousesass", "warehousesass\warehousesass.dwproj", "{61ADE136-BFFA-48FD-A01D-D4B0A63D8D63}"
EndProject
Global
	GlobalSection(SolutionConfigurationPlatforms) = preSolution
		Development|Default = Development|Default
	EndGlobalSection
	GlobalSection(ProjectConfigurationPlatforms) = postSolution
		{61ADE136-BFFA-48FD-A01D-D4B0A63D8D63}.Development|Default.ActiveCfg = Development
		{61ADE136-BFFA-48FD-A01D-D4B0A63D8D63}.Development|Default.Build.0 = Development
		{61ADE136-BFFA-48FD-A01D-D4B0A63D8D63}.Development|Default.Deploy.0 = Development
	EndGlobalSection
	GlobalSection(SolutionProperties) = preSolution
		HideSolutionNode = FALSE
	EndGlobalSection
	GlobalSection(ExtensibilityGlobals) = postSolution
		SolutionGuid = {81F63477-DEB8-4504-A54D-783CA31336AA}
	EndGlobalSection
EndGlobal
